// !$*UTF8*$!
{
	archiveVersion = 1;
	classes = {
	};
	objectVersion = 56;
	objects = {

/* Begin PBXBuildFile section */
		596C4E6F29EF111F005FB48A /* AppDelegate.swift in Sources */ = {isa = PBXBuildFile; fileRef = 596C4E6E29EF111F005FB48A /* AppDelegate.swift */; };
		596C4E7129EF111F005FB48A /* SceneDelegate.swift in Sources */ = {isa = PBXBuildFile; fileRef = 596C4E7029EF111F005FB48A /* SceneDelegate.swift */; };
		596C4E7329EF111F005FB48A /* ViewController.swift in Sources */ = {isa = PBXBuildFile; fileRef = 596C4E7229EF111F005FB48A /* ViewController.swift */; };
		596C4E7629EF111F005FB48A /* Main.storyboard in Resources */ = {isa = PBXBuildFile; fileRef = 596C4E7429EF111F005FB48A /* Main.storyboard */; };
		596C4E7829EF111F005FB48A /* Assets.xcassets in Resources */ = {isa = PBXBuildFile; fileRef = 596C4E7729EF111F005FB48A /* Assets.xcassets */; };
		596C4E7B29EF111F005FB48A /* LaunchScreen.storyboard in Resources */ = {isa = PBXBuildFile; fileRef = 596C4E7929EF111F005FB48A /* LaunchScreen.storyboard */; };
		BDB480B6C0F4D4CE66648D09 /* Pods_UsingFlutterModule.framework in Frameworks */ = {isa = PBXBuildFile; fileRef = F491AEA818FC2190BD1948C4 /* Pods_UsingFlutterModule.framework */; };
/* End PBXBuildFile section */

/* Begin PBXFileReference section */
		2C395120A8B8E7542D7BA182 /* Pods-UsingFlutterModule.release.xcconfig */ = {isa = PBXFileReference; includeInIndex = 1; lastKnownFileType = text.xcconfig; name = "Pods-UsingFlutterModule.release.xcconfig"; path = "Target Support Files/Pods-UsingFlutterModule/Pods-UsingFlutterModule.release.xcconfig"; sourceTree = "<group>"; };
		591BC5A029F22C0600B1F97E /* README.md */ = {isa = PBXFileReference; lastKnownFileType = net.daringfireball.markdown; path = README.md; sourceTree = "<group>"; };
		596C4E6B29EF111F005FB48A /* UsingFlutterModule.app */ = {isa = PBXFileReference; explicitFileType = wrapper.application; includeInIndex = 0; path = UsingFlutterModule.app; sourceTree = BUILT_PRODUCTS_DIR; };
		596C4E6E29EF111F005FB48A /* AppDelegate.swift */ = {isa = PBXFileReference; lastKnownFileType = sourcecode.swift; path = AppDelegate.swift; sourceTree = "<group>"; };
		596C4E7029EF111F005FB48A /* SceneDelegate.swift */ = {isa = PBXFileReference; lastKnownFileType = sourcecode.swift; path = SceneDelegate.swift; sourceTree = "<group>"; };
		596C4E7229EF111F005FB48A /* ViewController.swift */ = {isa = PBXFileReference; lastKnownFileType = sourcecode.swift; path = ViewController.swift; sourceTree = "<group>"; };
		596C4E7529EF111F005FB48A /* Base */ = {isa = PBXFileReference; lastKnownFileType = file.storyboard; name = Base; path = Base.lproj/Main.storyboard; sourceTree = "<group>"; };
		596C4E7729EF111F005FB48A /* Assets.xcassets */ = {isa = PBXFileReference; lastKnownFileType = folder.assetcatalog; path = Assets.xcassets; sourceTree = "<group>"; };
		596C4E7A29EF111F005FB48A /* Base */ = {isa = PBXFileReference; lastKnownFileType = file.storyboard; name = Base; path = Base.lproj/LaunchScreen.storyboard; sourceTree = "<group>"; };
		596C4E7C29EF111F005FB48A /* Info.plist */ = {isa = PBXFileReference; lastKnownFileType = text.plist.xml; path = Info.plist; sourceTree = "<group>"; };
		84CD3835838F947B69184F0C /* Pods-UsingFlutterModule.debug.xcconfig */ = {isa = PBXFileReference; includeInIndex = 1; lastKnownFileType = text.xcconfig; name = "Pods-UsingFlutterModule.debug.xcconfig"; path = "Target Support Files/Pods-UsingFlutterModule/Pods-UsingFlutterModule.debug.xcconfig"; sourceTree = "<group>"; };
		F491AEA818FC2190BD1948C4 /* Pods_UsingFlutterModule.framework */ = {isa = PBXFileReference; explicitFileType = wrapper.framework; includeInIndex = 0; path = Pods_UsingFlutterModule.framework; sourceTree = BUILT_PRODUCTS_DIR; };
/* End PBXFileReference section */

/* Begin PBXFrameworksBuildPhase section */
		596C4E6829EF111F005FB48A /* Frameworks */ = {
			isa = PBXFrameworksBuildPhase;
			buildActionMask = 2147483647;
			files = (
				BDB480B6C0F4D4CE66648D09 /* Pods_UsingFlutterModule.framework in Frameworks */,
			);
			runOnlyForDeploymentPostprocessing = 0;
		};
/* End PBXFrameworksBuildPhase section */

/* Begin PBXGroup section */
		5471CC51DA5A3E146787E65B /* Frameworks */ = {
			isa = PBXGroup;
			children = (
				F491AEA818FC2190BD1948C4 /* Pods_UsingFlutterModule.framework */,
			);
			name = Frameworks;
			sourceTree = "<group>";
		};
		596C4E6229EF111F005FB48A = {
			isa = PBXGroup;
			children = (
				591BC5A029F22C0600B1F97E /* README.md */,
				596C4E6D29EF111F005FB48A /* UsingFlutterModule */,
				596C4E6C29EF111F005FB48A /* Products */,
				D4A1C6838AF0A81407F5E5F6 /* Pods */,
				5471CC51DA5A3E146787E65B /* Frameworks */,
			);
			sourceTree = "<group>";
		};
		596C4E6C29EF111F005FB48A /* Products */ = {
			isa = PBXGroup;
			children = (
				596C4E6B29EF111F005FB48A /* UsingFlutterModule.app */,
			);
			name = Products;
			sourceTree = "<group>";
		};
		596C4E6D29EF111F005FB48A /* UsingFlutterModule */ = {
			isa = PBXGroup;
			children = (
				596C4E6E29EF111F005FB48A /* AppDelegate.swift */,
				596C4E7029EF111F005FB48A /* SceneDelegate.swift */,
				596C4E7229EF111F005FB48A /* ViewController.swift */,
				596C4E7429EF111F005FB48A /* Main.storyboard */,
				596C4E7729EF111F005FB48A /* Assets.xcassets */,
				596C4E7929EF111F005FB48A /* LaunchScreen.storyboard */,
				596C4E7C29EF111F005FB48A /* Info.plist */,
			);
			path = UsingFlutterModule;
			sourceTree = "<group>";
		};
		D4A1C6838AF0A81407F5E5F6 /* Pods */ = {
			isa = PBXGroup;
			children = (
				84CD3835838F947B69184F0C /* Pods-UsingFlutterModule.debug.xcconfig */,
				2C395120A8B8E7542D7BA182 /* Pods-UsingFlutterModule.release.xcconfig */,
			);
			path = Pods;
			sourceTree = "<group>";
		};
/* End PBXGroup section */

/* Begin PBXNativeTarget section */
		596C4E6A29EF111F005FB48A /* UsingFlutterModule */ = {
			isa = PBXNativeTarget;
			buildConfigurationList = 596C4E7F29EF111F005FB48A /* Build configuration list for PBXNativeTarget "UsingFlutterModule" */;
			buildPhases = (
				A66957F9417729997FFD3BB9 /* [CP] Check Pods Manifest.lock */,
				96BFAF84787FFFD47387EB35 /* [CP-User] Run Flutter Build flutter_module Script */,
				596C4E6729EF111F005FB48A /* Sources */,
				596C4E6829EF111F005FB48A /* Frameworks */,
				596C4E6929EF111F005FB48A /* Resources */,
				19C243356314BF532E9D8D10 /* [CP] Embed Pods Frameworks */,
				FBB7F883DF212AFB0A24A7BD /* [CP-User] Embed Flutter Build flutter_module Script */,
			);
			buildRules = (
			);
			dependencies = (
			);
			name = UsingFlutterModule;
			productName = UsingFlutterModule;
			productReference = 596C4E6B29EF111F005FB48A /* UsingFlutterModule.app */;
			productType = "com.apple.product-type.application";
		};
/* End PBXNativeTarget section */

/* Begin PBXProject section */
		596C4E6329EF111F005FB48A /* Project object */ = {
			isa = PBXProject;
			attributes = {
				BuildIndependentTargetsInParallel = 1;
				LastSwiftUpdateCheck = 1430;
				LastUpgradeCheck = 1430;
				TargetAttributes = {
					596C4E6A29EF111F005FB48A = {
						CreatedOnToolsVersion = 14.3;
					};
				};
			};
			buildConfigurationList = 596C4E6629EF111F005FB48A /* Build configuration list for PBXProject "UsingFlutterModule" */;
			compatibilityVersion = "Xcode 14.0";
			developmentRegion = en;
			hasScannedForEncodings = 0;
			knownRegions = (
				en,
				Base,
			);
			mainGroup = 596C4E6229EF111F005FB48A;
			productRefGroup = 596C4E6C29EF111F005FB48A /* Products */;
			projectDirPath = "";
			projectRoot = "";
			targets = (
				596C4E6A29EF111F005FB48A /* UsingFlutterModule */,
			);
		};
/* End PBXProject section */

/* Begin PBXResourcesBuildPhase section */
		596C4E6929EF111F005FB48A /* Resources */ = {
			isa = PBXResourcesBuildPhase;
			buildActionMask = 2147483647;
			files = (
				596C4E7B29EF111F005FB48A /* LaunchScreen.storyboard in Resources */,
				596C4E7829EF111F005FB48A /* Assets.xcassets in Resources */,
				596C4E7629EF111F005FB48A /* Main.storyboard in Resources */,
			);
			runOnlyForDeploymentPostprocessing = 0;
		};
/* End PBXResourcesBuildPhase section */

/* Begin PBXShellScriptBuildPhase section */
		19C243356314BF532E9D8D10 /* [CP] Embed Pods Frameworks */ = {
			isa = PBXShellScriptBuildPhase;
			buildActionMask = 2147483647;
			files = (
			);
			inputFileListPaths = (
				"${PODS_ROOT}/Target Support Files/Pods-UsingFlutterModule/Pods-UsingFlutterModule-frameworks-${CONFIGURATION}-input-files.xcfilelist",
			);
			name = "[CP] Embed Pods Frameworks";
			outputFileListPaths = (
				"${PODS_ROOT}/Target Support Files/Pods-UsingFlutterModule/Pods-UsingFlutterModule-frameworks-${CONFIGURATION}-output-files.xcfilelist",
			);
			runOnlyForDeploymentPostprocessing = 0;
			shellPath = /bin/sh;
			shellScript = "\"${PODS_ROOT}/Target Support Files/Pods-UsingFlutterModule/Pods-UsingFlutterModule-frameworks.sh\"\n";
			showEnvVarsInLog = 0;
		};
		96BFAF84787FFFD47387EB35 /* [CP-User] Run Flutter Build flutter_module Script */ = {
			isa = PBXShellScriptBuildPhase;
			buildActionMask = 2147483647;
			files = (
			);
			name = "[CP-User] Run Flutter Build flutter_module Script";
			runOnlyForDeploymentPostprocessing = 0;
			shellPath = /bin/sh;
			shellScript = "set -e\nset -u\nsource \"${SRCROOT}/../../../.ios/Flutter/flutter_export_environment.sh\"\nexport VERBOSE_SCRIPT_LOGGING=1 && \"$FLUTTER_ROOT\"/packages/flutter_tools/bin/xcode_backend.sh build\n";
		};
		A66957F9417729997FFD3BB9 /* [CP] Check Pods Manifest.lock */ = {
			isa = PBXShellScriptBuildPhase;
			buildActionMask = 2147483647;
			files = (
			);
			inputFileListPaths = (
			);
			inputPaths = (
				"${PODS_PODFILE_DIR_PATH}/Podfile.lock",
				"${PODS_ROOT}/Manifest.lock",
			);
			name = "[CP] Check Pods Manifest.lock";
			outputFileListPaths = (
			);
			outputPaths = (
				"$(DERIVED_FILE_DIR)/Pods-UsingFlutterModule-checkManifestLockResult.txt",
			);
			runOnlyForDeploymentPostprocessing = 0;
			shellPath = /bin/sh;
			shellScript = "diff \"${PODS_PODFILE_DIR_PATH}/Podfile.lock\" \"${PODS_ROOT}/Manifest.lock\" > /dev/null\nif [ $? != 0 ] ; then\n    # print error to STDERR\n    echo \"error: The sandbox is not in sync with the Podfile.lock. Run 'pod install' or update your CocoaPods installation.\" >&2\n    exit 1\nfi\n# This output is used by Xcode 'outputs' to avoid re-running this script phase.\necho \"SUCCESS\" > \"${SCRIPT_OUTPUT_FILE_0}\"\n";
			showEnvVarsInLog = 0;
		};
		FBB7F883DF212AFB0A24A7BD /* [CP-User] Embed Flutter Build flutter_module Script */ = {
			isa = PBXShellScriptBuildPhase;
			buildActionMask = 2147483647;
			files = (
			);
			name = "[CP-User] Embed Flutter Build flutter_module Script";
			runOnlyForDeploymentPostprocessing = 0;
			shellPath = /bin/sh;
			shellScript = "set -e\nset -u\nsource \"${SRCROOT}/../../../.ios/Flutter/flutter_export_environment.sh\"\nexport VERBOSE_SCRIPT_LOGGING=1 && \"$FLUTTER_ROOT\"/packages/flutter_tools/bin/xcode_backend.sh embed_and_thin\n";
		};
/* End PBXShellScriptBuildPhase section */

/* Begin PBXSourcesBuildPhase section */
		596C4E6729EF111F005FB48A /* Sources */ = {
			isa = PBXSourcesBuildPhase;
			buildActionMask = 2147483647;
			files = (
				596C4E7329EF111F005FB48A /* ViewController.swift in Sources */,
				596C4E6F29EF111F005FB48A /* AppDelegate.swift in Sources */,
				596C4E7129EF111F005FB48A /* SceneDelegate.swift in Sources */,
			);
			runOnlyForDeploymentPostprocessing = 0;
		};
/* End PBXSourcesBuildPhase section */

/* Begin PBXVariantGroup section */
		596C4E7429EF111F005FB48A /* Main.storyboard */ = {
			isa = PBXVariantGroup;
			children = (
				596C4E7529EF111F005FB48A /* Base */,
			);
			name = Main.storyboard;
			sourceTree = "<group>";
		};
		596C4E7929EF111F005FB48A /* LaunchScreen.storyboard */ = {
			isa = PBXVariantGroup;
			children = (
				596C4E7A29EF111F005FB48A /* Base */,
			);
			name = LaunchScreen.storyboard;
			sourceTree = "<group>";
		};
/* End PBXVariantGroup section */

/* Begin XCBuildConfiguration section */
		596C4E7D29EF111F005FB48A /* Debug */ = {
			isa = XCBuildConfiguration;
			buildSettings = {
				ALWAYS_SEARCH_USER_PATHS = NO;
				CLANG_ANALYZER_NONNULL = YES;
				CLANG_ANALYZER_NUMBER_OBJECT_CONVERSION = YES_AGGRESSIVE;
				CLANG_CXX_LANGUAGE_STANDARD = "gnu++20";
				CLANG_ENABLE_MODULES = YES;
				CLANG_ENABLE_OBJC_ARC = YES;
				CLANG_ENABLE_OBJC_WEAK = YES;
				CLANG_WARN_BLOCK_CAPTURE_AUTORELEASING = YES;
				CLANG_WARN_BOOL_CONVERSION = YES;
				CLANG_WARN_COMMA = YES;
				CLANG_WARN_CONSTANT_CONVERSION = YES;
				CLANG_WARN_DEPRECATED_OBJC_IMPLEMENTATIONS = YES;
				CLANG_WARN_DIRECT_OBJC_ISA_USAGE = YES_ERROR;
				CLANG_WARN_DOCUMENTATION_COMMENTS = YES;
				CLANG_WARN_EMPTY_BODY = YES;
				CLANG_WARN_ENUM_CONVERSION = YES;
				CLANG_WARN_INFINITE_RECURSION = YES;
				CLANG_WARN_INT_CONVERSION = YES;
				CLANG_WARN_NON_LITERAL_NULL_CONVERSION = YES;
				CLANG_WARN_OBJC_IMPLICIT_RETAIN_SELF = YES;
				CLANG_WARN_OBJC_LITERAL_CONVERSION = YES;
				CLANG_WARN_OBJC_ROOT_CLASS = YES_ERROR;
				CLANG_WARN_QUOTED_INCLUDE_IN_FRAMEWORK_HEADER = YES;
				CLANG_WARN_RANGE_LOOP_ANALYSIS = YES;
				CLANG_WARN_STRICT_PROTOTYPES = YES;
				CLANG_WARN_SUSPICIOUS_MOVE = YES;
				CLANG_WARN_UNGUARDED_AVAILABILITY = YES_AGGRESSIVE;
				CLANG_WARN_UNREACHABLE_CODE = YES;
				CLANG_WARN__DUPLICATE_METHOD_MATCH = YES;
				COPY_PHASE_STRIP = NO;
				DEBUG_INFORMATION_FORMAT = dwarf;
				ENABLE_STRICT_OBJC_MSGSEND = YES;
				ENABLE_TESTABILITY = YES;
				GCC_C_LANGUAGE_STANDARD = gnu11;
				GCC_DYNAMIC_NO_PIC = NO;
				GCC_NO_COMMON_BLOCKS = YES;
				GCC_OPTIMIZATION_LEVEL = 0;
				GCC_PREPROCESSOR_DEFINITIONS = (
					"DEBUG=1",
					"$(inherited)",
				);
				GCC_WARN_64_TO_32_BIT_CONVERSION = YES;
				GCC_WARN_ABOUT_RETURN_TYPE = YES_ERROR;
				GCC_WARN_UNDECLARED_SELECTOR = YES;
				GCC_WARN_UNINITIALIZED_AUTOS = YES_AGGRESSIVE;
				GCC_WARN_UNUSED_FUNCTION = YES;
				GCC_WARN_UNUSED_VARIABLE = YES;
				IPHONEOS_DEPLOYMENT_TARGET = 16.4;
				MTL_ENABLE_DEBUG_INFO = INCLUDE_SOURCE;
				MTL_FAST_MATH = YES;
				ONLY_ACTIVE_ARCH = YES;
				SDKROOT = iphoneos;
				SWIFT_ACTIVE_COMPILATION_CONDITIONS = DEBUG;
				SWIFT_OPTIMIZATION_LEVEL = "-Onone";
			};
			name = Debug;
		};
		596C4E7E29EF111F005FB48A /* Release */ = {
			isa = XCBuildConfiguration;
			buildSettings = {
				ALWAYS_SEARCH_USER_PATHS = NO;
				CLANG_ANALYZER_NONNULL = YES;
				CLANG_ANALYZER_NUMBER_OBJECT_CONVERSION = YES_AGGRESSIVE;
				CLANG_CXX_LANGUAGE_STANDARD = "gnu++20";
				CLANG_ENABLE_MODULES = YES;
				CLANG_ENABLE_OBJC_ARC = YES;
				CLANG_ENABLE_OBJC_WEAK = YES;
				CLANG_WARN_BLOCK_CAPTURE_AUTORELEASING = YES;
				CLANG_WARN_BOOL_CONVERSION = YES;
				CLANG_WARN_COMMA = YES;
				CLANG_WARN_CONSTANT_CONVERSION = YES;
				CLANG_WARN_DEPRECATED_OBJC_IMPLEMENTATIONS = YES;
				CLANG_WARN_DIRECT_OBJC_ISA_USAGE = YES_ERROR;
				CLANG_WARN_DOCUMENTATION_COMMENTS = YES;
				CLANG_WARN_EMPTY_BODY = YES;
				CLANG_WARN_ENUM_CONVERSION = YES;
				CLANG_WARN_INFINITE_RECURSION = YES;
				CLANG_WARN_INT_CONVERSION = YES;
				CLANG_WARN_NON_LITERAL_NULL_CONVERSION = YES;
				CLANG_WARN_OBJC_IMPLICIT_RETAIN_SELF = YES;
				CLANG_WARN_OBJC_LITERAL_CONVERSION = YES;
				CLANG_WARN_OBJC_ROOT_CLASS = YES_ERROR;
				CLANG_WARN_QUOTED_INCLUDE_IN_FRAMEWORK_HEADER = YES;
				CLANG_WARN_RANGE_LOOP_ANALYSIS = YES;
				CLANG_WARN_STRICT_PROTOTYPES = YES;
				CLANG_WARN_SUSPICIOUS_MOVE = YES;
				CLANG_WARN_UNGUARDED_AVAILABILITY = YES_AGGRESSIVE;
				CLANG_WARN_UNREACHABLE_CODE = YES;
				CLANG_WARN__DUPLICATE_METHOD_MATCH = YES;
				COPY_PHASE_STRIP = NO;
				DEBUG_INFORMATION_FORMAT = "dwarf-with-dsym";
				ENABLE_NS_ASSERTIONS = NO;
				ENABLE_STRICT_OBJC_MSGSEND = YES;
				GCC_C_LANGUAGE_STANDARD = gnu11;
				GCC_NO_COMMON_BLOCKS = YES;
				GCC_WARN_64_TO_32_BIT_CONVERSION = YES;
				GCC_WARN_ABOUT_RETURN_TYPE = YES_ERROR;
				GCC_WARN_UNDECLARED_SELECTOR = YES;
				GCC_WARN_UNINITIALIZED_AUTOS = YES_AGGRESSIVE;
				GCC_WARN_UNUSED_FUNCTION = YES;
				GCC_WARN_UNUSED_VARIABLE = YES;
				IPHONEOS_DEPLOYMENT_TARGET = 16.4;
				MTL_ENABLE_DEBUG_INFO = NO;
				MTL_FAST_MATH = YES;
				SDKROOT = iphoneos;
				SWIFT_COMPILATION_MODE = wholemodule;
				SWIFT_OPTIMIZATION_LEVEL = "-O";
				VALIDATE_PRODUCT = YES;
			};
			name = Release;
		};
		596C4E8029EF111F005FB48A /* Debug */ = {
			isa = XCBuildConfiguration;
			baseConfigurationReference = 84CD3835838F947B69184F0C /* Pods-UsingFlutterModule.debug.xcconfig */;
			buildSettings = {
				ASSETCATALOG_COMPILER_APPICON_NAME = AppIcon;
				ASSETCATALOG_COMPILER_GLOBAL_ACCENT_COLOR_NAME = AccentColor;
				CODE_SIGN_STYLE = Automatic;
				CURRENT_PROJECT_VERSION = 1;
				DEVELOPMENT_TEAM = S8T5Q694LC;
				GENERATE_INFOPLIST_FILE = YES;
				INFOPLIST_FILE = UsingFlutterModule/Info.plist;
				INFOPLIST_KEY_UIApplicationSupportsIndirectInputEvents = YES;
				INFOPLIST_KEY_UILaunchStoryboardName = LaunchScreen;
				INFOPLIST_KEY_UIMainStoryboardFile = Main;
				INFOPLIST_KEY_UISupportedInterfaceOrientations_iPad = "UIInterfaceOrientationPortrait UIInterfaceOrientationPortraitUpsideDown UIInterfaceOrientationLandscapeLeft UIInterfaceOrientationLandscapeRight";
				INFOPLIST_KEY_UISupportedInterfaceOrientations_iPhone = "UIInterfaceOrientationPortrait UIInterfaceOrientationLandscapeLeft UIInterfaceOrientationLandscapeRight";
				LD_RUNPATH_SEARCH_PATHS = (
					"$(inherited)",
					"@executable_path/Frameworks",
				);
				MARKETING_VERSION = 1.0;
				PRODUCT_BUNDLE_IDENTIFIER = br.com.megamil.UsingFlutterModule;
				PRODUCT_NAME = "$(TARGET_NAME)";
				SWIFT_EMIT_LOC_STRINGS = YES;
				SWIFT_VERSION = 5.0;
				TARGETED_DEVICE_FAMILY = "1,2";
			};
			name = Debug;
		};
		596C4E8129EF111F005FB48A /* Release */ = {
			isa = XCBuildConfiguration;
			baseConfigurationReference = 2C395120A8B8E7542D7BA182 /* Pods-UsingFlutterModule.release.xcconfig */;
			buildSettings = {
				ASSETCATALOG_COMPILER_APPICON_NAME = AppIcon;
				ASSETCATALOG_COMPILER_GLOBAL_ACCENT_COLOR_NAME = AccentColor;
				CODE_SIGN_STYLE = Automatic;
				CURRENT_PROJECT_VERSION = 1;
				DEVELOPMENT_TEAM = S8T5Q694LC;
				GENERATE_INFOPLIST_FILE = YES;
				INFOPLIST_FILE = UsingFlutterModule/Info.plist;
				INFOPLIST_KEY_UIApplicationSupportsIndirectInputEvents = YES;
				INFOPLIST_KEY_UILaunchStoryboardName = LaunchScreen;
				INFOPLIST_KEY_UIMainStoryboardFile = Main;
				INFOPLIST_KEY_UISupportedInterfaceOrientations_iPad = "UIInterfaceOrientationPortrait UIInterfaceOrientationPortraitUpsideDown UIInterfaceOrientationLandscapeLeft UIInterfaceOrientationLandscapeRight";
				INFOPLIST_KEY_UISupportedInterfaceOrientations_iPhone = "UIInterfaceOrientationPortrait UIInterfaceOrientationLandscapeLeft UIInterfaceOrientationLandscapeRight";
				LD_RUNPATH_SEARCH_PATHS = (
					"$(inherited)",
					"@executable_path/Frameworks",
				);
				MARKETING_VERSION = 1.0;
				PRODUCT_BUNDLE_IDENTIFIER = br.com.megamil.UsingFlutterModule;
				PRODUCT_NAME = "$(TARGET_NAME)";
				SWIFT_EMIT_LOC_STRINGS = YES;
				SWIFT_VERSION = 5.0;
				TARGETED_DEVICE_FAMILY = "1,2";
			};
			name = Release;
		};
/* End XCBuildConfiguration section */

/* Begin XCConfigurationList section */
		596C4E6629EF111F005FB48A /* Build configuration list for PBXProject "UsingFlutterModule" */ = {
			isa = XCConfigurationList;
			buildConfigurations = (
				596C4E7D29EF111F005FB48A /* Debug */,
				596C4E7E29EF111F005FB48A /* Release */,
			);
			defaultConfigurationIsVisible = 0;
			defaultConfigurationName = Release;
		};
		596C4E7F29EF111F005FB48A /* Build configuration list for PBXNativeTarget "UsingFlutterModule" */ = {
			isa = XCConfigurationList;
			buildConfigurations = (
				596C4E8029EF111F005FB48A /* Debug */,
				596C4E8129EF111F005FB48A /* Release */,
			);
			defaultConfigurationIsVisible = 0;
			defaultConfigurationName = Release;
		};
/* End XCConfigurationList section */
	};
	rootObject = 596C4E6329EF111F005FB48A /* Project object */;
}
